
Microsoft Visual Studio Solution File, Format Version 12.00
# Visual Studio 2013
VisualStudioVersion = 12.0.21005.1
MinimumVisualStudioVersion = 10.0.40219.1
Project("{FAE04EC0-301F-11D3-BF4B-00C04F79EFBC}") = "LyphTEC.Repository", "LyphTEC.Repository\LyphTEC.Repository.csproj", "{A8AA5FC7-D2F1-4FD2-9D7B-0C71341D6D3C}"
EndProject
Project("{2150E333-8FDC-42A3-9474-1A3956D46DE8}") = "Common", "Common", "{88E70C37-8EBF-43D2-A9AD-BDEFD1FBFD16}"
	ProjectSection(SolutionItems) = preProject
		build.cmd = build.cmd
		Build\Build.proj = Build\Build.proj
		Common\CommonAssemblyInfo.cs = Common\CommonAssemblyInfo.cs
	EndProjectSection
EndProject
Project("{FAE04EC0-301F-11D3-BF4B-00C04F79EFBC}") = "LyphTEC.Repository.Tests", "LyphTEC.Repository.Tests\LyphTEC.Repository.Tests.csproj", "{B8207CAC-D6B0-4305-90F3-7CDE4020A814}"
EndProject
Project("{2150E333-8FDC-42A3-9474-1A3956D46DE8}") = ".nuget", ".nuget", "{C85989EE-10EB-4C94-BF79-2D277BE815D5}"
	ProjectSection(SolutionItems) = preProject
		.nuget\nuget.config = .nuget\nuget.config
		.nuget\nuget.exe = .nuget\nuget.exe
		.nuget\nuget.targets = .nuget\nuget.targets
	EndProjectSection
EndProject
Global
	GlobalSection(SolutionConfigurationPlatforms) = preSolution
		Debug|Any CPU = Debug|Any CPU
		Release|Any CPU = Release|Any CPU
	EndGlobalSection
	GlobalSection(ProjectConfigurationPlatforms) = postSolution
		{A8AA5FC7-D2F1-4FD2-9D7B-0C71341D6D3C}.Debug|Any CPU.ActiveCfg = Debug|Any CPU
		{A8AA5FC7-D2F1-4FD2-9D7B-0C71341D6D3C}.Debug|Any CPU.Build.0 = Debug|Any CPU
		{A8AA5FC7-D2F1-4FD2-9D7B-0C71341D6D3C}.Release|Any CPU.ActiveCfg = Release|Any CPU
		{A8AA5FC7-D2F1-4FD2-9D7B-0C71341D6D3C}.Release|Any CPU.Build.0 = Release|Any CPU
		{B8207CAC-D6B0-4305-90F3-7CDE4020A814}.Debug|Any CPU.ActiveCfg = Debug|Any CPU
		{B8207CAC-D6B0-4305-90F3-7CDE4020A814}.Debug|Any CPU.Build.0 = Debug|Any CPU
		{B8207CAC-D6B0-4305-90F3-7CDE4020A814}.Release|Any CPU.ActiveCfg = Release|Any CPU
	EndGlobalSection
	GlobalSection(SolutionProperties) = preSolution
		HideSolutionNode = FALSE
	EndGlobalSection
EndGlobal
